
Microsoft Visual Studio Solution File, Format Version 12.00
# Visual Studio Version 17
VisualStudioVersion = 17.5.33516.290
MinimumVisualStudioVersion = 10.0.40219.1
Project("{FAE04EC0-301F-11D3-BF4B-00C04F79EFBC}") = "ProcessMonitorExample", "ProcessMonitorExample.csproj", "{81FCDAB6-9E16-435F-A021-A2277AAA5611}"
EndProject
Global
	GlobalSection(SolutionConfigurationPlatforms) = preSolution
		Debug|Any CPU = Debug|Any CPU
		Release|Any CPU = Release|Any CPU
	EndGlobalSection
	GlobalSection(ProjectConfigurationPlatforms) = postSolution
		{81FCDAB6-9E16-435F-A021-A2277AAA5611}.Debug|Any CPU.ActiveCfg = Debug|Any CPU
		{81FCDAB6-9E16-435F-A021-A2277AAA5611}.Debug|Any CPU.Build.0 = Debug|Any CPU
		{81FCDAB6-9E16-435F-A021-A2277AAA5611}.Release|Any CPU.ActiveCfg = Release|Any CPU
		{81FCDAB6-9E16-435F-A021-A2277AAA5611}.Release|Any CPU.Build.0 = Release|Any CPU
	EndGlobalSection
	GlobalSection(SolutionProperties) = preSolution
		HideSolutionNode = FALSE
	EndGlobalSection
	GlobalSection(ExtensibilityGlobals) = postSolution
		SolutionGuid = {0EB6DD47-9DD7-4B8B-93D5-63320EC6410F}
	EndGlobalSection
EndGlobal
